
Microsoft Visual Studio Solution File, Format Version 12.00
# Visual Studio 14
VisualStudioVersion = 14.0.25420.1
MinimumVisualStudioVersion = 10.0.40219.1
Project("{FAE04EC0-301F-11D3-BF4B-00C04F79EFBC}") = "SharpNeuron", "SharpNeuron\SharpNeuron.csproj", "{E99EC2E6-0A4B-4792-AD72-0E276653B81C}"
EndProject
Project("{FAE04EC0-301F-11D3-BF4B-00C04F79EFBC}") = "SharpNeuron.Demo", "SharpNeuron.Demo\SharpNeuron.Demo.csproj", "{29B73944-4AC1-4101-B28E-6D2EE5AFDF24}"
EndProject
Global
	GlobalSection(SolutionConfigurationPlatforms) = preSolution
		Debug|Any CPU = Debug|Any CPU
		Release|Any CPU = Release|Any CPU
	EndGlobalSection
	GlobalSection(ProjectConfigurationPlatforms) = postSolution
		{E99EC2E6-0A4B-4792-AD72-0E276653B81C}.Debug|Any CPU.ActiveCfg = Debug|Any CPU
		{E99EC2E6-0A4B-4792-AD72-0E276653B81C}.Debug|Any CPU.Build.0 = Debug|Any CPU
		{E99EC2E6-0A4B-4792-AD72-0E276653B81C}.Release|Any CPU.ActiveCfg = Release|Any CPU
		{E99EC2E6-0A4B-4792-AD72-0E276653B81C}.Release|Any CPU.Build.0 = Release|Any CPU
		{29B73944-4AC1-4101-B28E-6D2EE5AFDF24}.Debug|Any CPU.ActiveCfg = Debug|Any CPU
		{29B73944-4AC1-4101-B28E-6D2EE5AFDF24}.Debug|Any CPU.Build.0 = Debug|Any CPU
		{29B73944-4AC1-4101-B28E-6D2EE5AFDF24}.Release|Any CPU.ActiveCfg = Release|Any CPU
		{29B73944-4AC1-4101-B28E-6D2EE5AFDF24}.Release|Any CPU.Build.0 = Release|Any CPU
	EndGlobalSection
	GlobalSection(SolutionProperties) = preSolution
		HideSolutionNode = FALSE
	EndGlobalSection
EndGlobal
